
Microsoft Visual Studio Solution File, Format Version 12.00
# Visual Studio Version 17
VisualStudioVersion = 17.11.35327.3
MinimumVisualStudioVersion = 10.0.40219.1
Project("{FAE04EC0-301F-11D3-BF4B-00C04F79EFBC}") = "GestaoLoja", "GestaoLoja\GestaoLoja.csproj", "{0BFFD4A0-940A-4D9D-81FA-C75DE481DBFD}"
EndProject
Global
	GlobalSection(SolutionConfigurationPlatforms) = preSolution
		Debug|Any CPU = Debug|Any CPU
		Release|Any CPU = Release|Any CPU
	EndGlobalSection
	GlobalSection(ProjectConfigurationPlatforms) = postSolution
		{0BFFD4A0-940A-4D9D-81FA-C75DE481DBFD}.Debug|Any CPU.ActiveCfg = Debug|Any CPU
		{0BFFD4A0-940A-4D9D-81FA-C75DE481DBFD}.Debug|Any CPU.Build.0 = Debug|Any CPU
		{0BFFD4A0-940A-4D9D-81FA-C75DE481DBFD}.Release|Any CPU.ActiveCfg = Release|Any CPU
		{0BFFD4A0-940A-4D9D-81FA-C75DE481DBFD}.Release|Any CPU.Build.0 = Release|Any CPU
	EndGlobalSection
	GlobalSection(SolutionProperties) = preSolution
		HideSolutionNode = FALSE
	EndGlobalSection
	GlobalSection(ExtensibilityGlobals) = postSolution
		SolutionGuid = {DDD8BF48-9FA6-4043-B697-64320F17E46E}
	EndGlobalSection
EndGlobal
